
Microsoft Visual Studio Solution File, Format Version 12.00
# Visual Studio Version 17
VisualStudioVersion = 17.7.34009.444
MinimumVisualStudioVersion = 10.0.40219.1
Project("{FAE04EC0-301F-11D3-BF4B-00C04F79EFBC}") = "NorthWind.Entities", "NorthWind.Entities\NorthWind.Entities.csproj", "{D17A835E-46E5-4279-8251-BB5CE574AC9E}"
EndProject
Global
	GlobalSection(SolutionConfigurationPlatforms) = preSolution
		Debug|Any CPU = Debug|Any CPU
		Release|Any CPU = Release|Any CPU
	EndGlobalSection
	GlobalSection(ProjectConfigurationPlatforms) = postSolution
		{D17A835E-46E5-4279-8251-BB5CE574AC9E}.Debug|Any CPU.ActiveCfg = Debug|Any CPU
		{D17A835E-46E5-4279-8251-BB5CE574AC9E}.Debug|Any CPU.Build.0 = Debug|Any CPU
		{D17A835E-46E5-4279-8251-BB5CE574AC9E}.Release|Any CPU.ActiveCfg = Release|Any CPU
		{D17A835E-46E5-4279-8251-BB5CE574AC9E}.Release|Any CPU.Build.0 = Release|Any CPU
	EndGlobalSection
	GlobalSection(SolutionProperties) = preSolution
		HideSolutionNode = FALSE
	EndGlobalSection
	GlobalSection(ExtensibilityGlobals) = postSolution
		SolutionGuid = {90B94D63-0B5A-46F9-8995-9D4C6D0C272E}
	EndGlobalSection
EndGlobal
